
Microsoft Visual Studio Solution File, Format Version 12.00
# Visual Studio 15
VisualStudioVersion = 15.0.26730.16
MinimumVisualStudioVersion = 10.0.40219.1
Project("{FAE04EC0-301F-11D3-BF4B-00C04F79EFBC}") = "Bonus18", "Bonus18\Bonus18.csproj", "{1AE27BE0-3084-4E53-914E-2354F56C26AF}"
EndProject
Global
	GlobalSection(SolutionConfigurationPlatforms) = preSolution
		Debug|Any CPU = Debug|Any CPU
		Release|Any CPU = Release|Any CPU
	EndGlobalSection
	GlobalSection(ProjectConfigurationPlatforms) = postSolution
		{1AE27BE0-3084-4E53-914E-2354F56C26AF}.Debug|Any CPU.ActiveCfg = Debug|Any CPU
		{1AE27BE0-3084-4E53-914E-2354F56C26AF}.Debug|Any CPU.Build.0 = Debug|Any CPU
		{1AE27BE0-3084-4E53-914E-2354F56C26AF}.Release|Any CPU.ActiveCfg = Release|Any CPU
		{1AE27BE0-3084-4E53-914E-2354F56C26AF}.Release|Any CPU.Build.0 = Release|Any CPU
	EndGlobalSection
	GlobalSection(SolutionProperties) = preSolution
		HideSolutionNode = FALSE
	EndGlobalSection
	GlobalSection(ExtensibilityGlobals) = postSolution
		SolutionGuid = {F9F4C2F9-DACC-42C0-A6F7-FB6BD2DC9E2B}
	EndGlobalSection
EndGlobal
